# This file is @generated by PDM.
# It is not intended for manual editing.

[metadata]
groups = ["default"]
strategy = ["inherit_metadata"]
lock_version = "4.5.0"
content_hash = "sha256:d25c9bd2a4872c8db8336201f5b40c0356c49c9a13cae7522c5d362d5914a4a0"

[[metadata.targets]]
requires_python = "==3.11.*"

[[package]]
name = "duckdb"
version = "1.4.3"
requires_python = ">=3.9.0"
summary = "DuckDB in-process database"
groups = ["default"]
files = [
    {file = "duckdb-1.4.3-cp311-cp311-macosx_10_9_universal2.whl", hash = "sha256:366bf607088053dce845c9d24c202c04d78022436cc5d8e4c9f0492de04afbe7"},
    {file = "duckdb-1.4.3-cp311-cp311-macosx_10_9_x86_64.whl", hash = "sha256:8d080e8d1bf2d226423ec781f539c8f6b6ef3fd42a9a58a7160de0a00877a21f"},
    {file = "duckdb-1.4.3-cp311-cp311-macosx_11_0_arm64.whl", hash = "sha256:9dc049ba7e906cb49ca2b6d4fbf7b6615ec3883193e8abb93f0bef2652e42dda"},
    {file = "duckdb-1.4.3-cp311-cp311-manylinux_2_26_aarch64.manylinux_2_28_aarch64.whl", hash = "sha256:2b30245375ea94ab528c87c61fc3ab3e36331180b16af92ee3a37b810a745d24"},
    {file = "duckdb-1.4.3-cp311-cp311-manylinux_2_26_x86_64.manylinux_2_28_x86_64.whl", hash = "sha256:a7c864df027da1ee95f0c32def67e15d02cd4a906c9c1cbae82c09c5112f526b"},
    {file = "duckdb-1.4.3-cp311-cp311-win_amd64.whl", hash = "sha256:813f189039b46877b5517f1909c7b94a8fe01b4bde2640ab217537ea0fe9b59b"},
    {file = "duckdb-1.4.3-cp311-cp311-win_arm64.whl", hash = "sha256:fbc63ffdd03835f660155b37a1b6db2005bcd46e5ad398b8cac141eb305d2a3d"},
    {file = "duckdb-1.4.3.tar.gz", hash = "sha256:fea43e03604c713e25a25211ada87d30cd2a044d8f27afab5deba26ac49e5268"},
]
